
Microsoft Visual Studio Solution File, Format Version 12.00
# Visual Studio Version 17
VisualStudioVersion = 17.10.34916.146
MinimumVisualStudioVersion = 10.0.40219.1
Project("{9A19103F-16F7-4668-BE54-9A1E7A4F7556}") = "RnSArchipelago", "RnSArchipelago.csproj", "{3646891E-7C30-4AE8-9437-FA39E34FCA8F}"
EndProject
Global
	GlobalSection(SolutionConfigurationPlatforms) = preSolution
		Debug|Any CPU = Debug|Any CPU
		Debug|x64 = Debug|x64
		Release|Any CPU = Release|Any CPU
		Release|x64 = Release|x64
	EndGlobalSection
	GlobalSection(ProjectConfigurationPlatforms) = postSolution
		{3646891E-7C30-4AE8-9437-FA39E34FCA8F}.Debug|Any CPU.ActiveCfg = Debug|Any CPU
		{3646891E-7C30-4AE8-9437-FA39E34FCA8F}.Debug|Any CPU.Build.0 = Debug|Any CPU
		{3646891E-7C30-4AE8-9437-FA39E34FCA8F}.Debug|x64.ActiveCfg = Debug|x64
		{3646891E-7C30-4AE8-9437-FA39E34FCA8F}.Debug|x64.Build.0 = Debug|x64
		{3646891E-7C30-4AE8-9437-FA39E34FCA8F}.Release|Any CPU.ActiveCfg = Release|Any CPU
		{3646891E-7C30-4AE8-9437-FA39E34FCA8F}.Release|Any CPU.Build.0 = Release|Any CPU
		{3646891E-7C30-4AE8-9437-FA39E34FCA8F}.Release|x64.ActiveCfg = Release|x64
		{3646891E-7C30-4AE8-9437-FA39E34FCA8F}.Release|x64.Build.0 = Release|x64
	EndGlobalSection
	GlobalSection(SolutionProperties) = preSolution
		HideSolutionNode = FALSE
	EndGlobalSection
	GlobalSection(ExtensibilityGlobals) = postSolution
		SolutionGuid = {1FC5AB47-EF43-4151-AECD-40ECEAB3233A}
	EndGlobalSection
EndGlobal
